
Microsoft Visual Studio Solution File, Format Version 12.00
# Visual Studio Version 16
VisualStudioVersion = 16.0.31005.135
MinimumVisualStudioVersion = 10.0.40219.1
Project("{2150E333-8FDC-42A3-9474-1A3956D46DE8}") = "Solution Items", "Solution Items", "{873709A6-5111-4F0B-BF96-9BC782AF821E}"
	ProjectSection(SolutionItems) = preProject
		LICENSE = LICENSE
		README.md = README.md
	EndProjectSection
EndProject
Project("{9A19103F-16F7-4668-BE54-9A1E7A4F7556}") = "Demo", "tests\Demo\Demo\Demo.csproj", "{05F92319-9097-4CA2-81A7-10C2039C07A8}"
EndProject
Project("{9A19103F-16F7-4668-BE54-9A1E7A4F7556}") = "Demo.Tests", "tests\Demo.Tests\Demo.Tests.csproj", "{781AA2A0-7943-4696-BE12-3EA9D574001A}"
EndProject
Project("{9A19103F-16F7-4668-BE54-9A1E7A4F7556}") = "BetterAPI.Testing", "src\BetterAPI.Testing\BetterAPI.Testing.csproj", "{114FCEBB-7C12-4041-AD42-9013679ECEAE}"
EndProject
Project("{9A19103F-16F7-4668-BE54-9A1E7A4F7556}") = "BetterAPI", "src\BetterAPI\BetterAPI.csproj", "{B23C600F-E447-497F-AC7D-400CE781B5A9}"
EndProject
Project("{9A19103F-16F7-4668-BE54-9A1E7A4F7556}") = "BetterAPI.Tests", "tests\BetterAPI.Tests\BetterAPI.Tests.csproj", "{E6764F6B-4EF6-4B6C-8DD8-AC7411355D09}"
EndProject
Project("{9A19103F-16F7-4668-BE54-9A1E7A4F7556}") = "BetterAPI.SourceGenerators", "src\BetterAPI.SourceGenerators\BetterAPI.SourceGenerators.csproj", "{A2980A04-C765-4CC0-95F5-51E0603ABA99}"
EndProject
Project("{9A19103F-16F7-4668-BE54-9A1E7A4F7556}") = "BetterAPI.Reflection", "src\BetterAPI.Reflection\BetterAPI.Reflection.csproj", "{6D72F12A-4314-4C11-B5F0-FCF1FF56A730}"
EndProject
Project("{9A19103F-16F7-4668-BE54-9A1E7A4F7556}") = "BetterAPI.Primitives", "src\BetterAPI.Primitives\BetterAPI.Primitives.csproj", "{7CE94066-D6FD-46D1-9F06-9E53EAEB85CD}"
EndProject
Project("{FAE04EC0-301F-11D3-BF4B-00C04F79EFBC}") = "BetterAPI.Serialization", "src\BetterAPI.Serialization\BetterAPI.Serialization.csproj", "{2FB5C1F3-3239-48AC-ACFB-D7A50168C3F0}"
EndProject
Global
	GlobalSection(SolutionConfigurationPlatforms) = preSolution
		Debug|Any CPU = Debug|Any CPU
		Release|Any CPU = Release|Any CPU
	EndGlobalSection
	GlobalSection(ProjectConfigurationPlatforms) = postSolution
		{05F92319-9097-4CA2-81A7-10C2039C07A8}.Debug|Any CPU.ActiveCfg = Debug|Any CPU
		{05F92319-9097-4CA2-81A7-10C2039C07A8}.Debug|Any CPU.Build.0 = Debug|Any CPU
		{05F92319-9097-4CA2-81A7-10C2039C07A8}.Release|Any CPU.ActiveCfg = Release|Any CPU
		{05F92319-9097-4CA2-81A7-10C2039C07A8}.Release|Any CPU.Build.0 = Release|Any CPU
		{781AA2A0-7943-4696-BE12-3EA9D574001A}.Debug|Any CPU.ActiveCfg = Debug|Any CPU
		{781AA2A0-7943-4696-BE12-3EA9D574001A}.Debug|Any CPU.Build.0 = Debug|Any CPU
		{781AA2A0-7943-4696-BE12-3EA9D574001A}.Release|Any CPU.ActiveCfg = Release|Any CPU
		{781AA2A0-7943-4696-BE12-3EA9D574001A}.Release|Any CPU.Build.0 = Release|Any CPU
		{114FCEBB-7C12-4041-AD42-9013679ECEAE}.Debug|Any CPU.ActiveCfg = Debug|Any CPU
		{114FCEBB-7C12-4041-AD42-9013679ECEAE}.Debug|Any CPU.Build.0 = Debug|Any CPU
		{114FCEBB-7C12-4041-AD42-9013679ECEAE}.Release|Any CPU.ActiveCfg = Release|Any CPU
		{114FCEBB-7C12-4041-AD42-9013679ECEAE}.Release|Any CPU.Build.0 = Release|Any CPU
		{B23C600F-E447-497F-AC7D-400CE781B5A9}.Debug|Any CPU.ActiveCfg = Debug|Any CPU
		{B23C600F-E447-497F-AC7D-400CE781B5A9}.Debug|Any CPU.Build.0 = Debug|Any CPU
		{B23C600F-E447-497F-AC7D-400CE781B5A9}.Release|Any CPU.ActiveCfg = Release|Any CPU
		{B23C600F-E447-497F-AC7D-400CE781B5A9}.Release|Any CPU.Build.0 = Release|Any CPU
		{E6764F6B-4EF6-4B6C-8DD8-AC7411355D09}.Debug|Any CPU.ActiveCfg = Debug|Any CPU
		{E6764F6B-4EF6-4B6C-8DD8-AC7411355D09}.Debug|Any CPU.Build.0 = Debug|Any CPU
		{E6764F6B-4EF6-4B6C-8DD8-AC7411355D09}.Release|Any CPU.ActiveCfg = Release|Any CPU
		{E6764F6B-4EF6-4B6C-8DD8-AC7411355D09}.Release|Any CPU.Build.0 = Release|Any CPU
		{A2980A04-C765-4CC0-95F5-51E0603ABA99}.Debug|Any CPU.ActiveCfg = Debug|Any CPU
		{A2980A04-C765-4CC0-95F5-51E0603ABA99}.Debug|Any CPU.Build.0 = Debug|Any CPU
		{A2980A04-C765-4CC0-95F5-51E0603ABA99}.Release|Any CPU.ActiveCfg = Release|Any CPU
		{A2980A04-C765-4CC0-95F5-51E0603ABA99}.Release|Any CPU.Build.0 = Release|Any CPU
		{6D72F12A-4314-4C11-B5F0-FCF1FF56A730}.Debug|Any CPU.ActiveCfg = Debug|Any CPU
		{6D72F12A-4314-4C11-B5F0-FCF1FF56A730}.Debug|Any CPU.Build.0 = Debug|Any CPU
		{6D72F12A-4314-4C11-B5F0-FCF1FF56A730}.Release|Any CPU.ActiveCfg = Release|Any CPU
		{6D72F12A-4314-4C11-B5F0-FCF1FF56A730}.Release|Any CPU.Build.0 = Release|Any CPU
		{7CE94066-D6FD-46D1-9F06-9E53EAEB85CD}.Debug|Any CPU.ActiveCfg = Debug|Any CPU
		{7CE94066-D6FD-46D1-9F06-9E53EAEB85CD}.Debug|Any CPU.Build.0 = Debug|Any CPU
		{7CE94066-D6FD-46D1-9F06-9E53EAEB85CD}.Release|Any CPU.ActiveCfg = Release|Any CPU
		{7CE94066-D6FD-46D1-9F06-9E53EAEB85CD}.Release|Any CPU.Build.0 = Release|Any CPU
		{2FB5C1F3-3239-48AC-ACFB-D7A50168C3F0}.Debug|Any CPU.ActiveCfg = Debug|Any CPU
		{2FB5C1F3-3239-48AC-ACFB-D7A50168C3F0}.Debug|Any CPU.Build.0 = Debug|Any CPU
		{2FB5C1F3-3239-48AC-ACFB-D7A50168C3F0}.Release|Any CPU.ActiveCfg = Release|Any CPU
		{2FB5C1F3-3239-48AC-ACFB-D7A50168C3F0}.Release|Any CPU.Build.0 = Release|Any CPU
	EndGlobalSection
	GlobalSection(SolutionProperties) = preSolution
		HideSolutionNode = FALSE
	EndGlobalSection
	GlobalSection(ExtensibilityGlobals) = postSolution
		SolutionGuid = {44130FF5-3D64-4C21-A1A1-CFDCCB7E9C22}
	EndGlobalSection
EndGlobal
