
Microsoft Visual Studio Solution File, Format Version 12.00
# Visual Studio Version 16
VisualStudioVersion = 16.0.31005.135
MinimumVisualStudioVersion = 10.0.40219.1
Project("{2150E333-8FDC-42A3-9474-1A3956D46DE8}") = "Solution Items", "Solution Items", "{873709A6-5111-4F0B-BF96-9BC782AF821E}"
	ProjectSection(SolutionItems) = preProject
		LICENSE = LICENSE
		README.md = README.md
	EndProjectSection
EndProject
Project("{9A19103F-16F7-4668-BE54-9A1E7A4F7556}") = "Demo", "tests\Demo\Demo\Demo.csproj", "{05F92319-9097-4CA2-81A7-10C2039C07A8}"
EndProject
Project("{9A19103F-16F7-4668-BE54-9A1E7A4F7556}") = "Demo.Tests", "tests\Demo.Tests\Demo.Tests.csproj", "{781AA2A0-7943-4696-BE12-3EA9D574001A}"
EndProject
Project("{9A19103F-16F7-4668-BE54-9A1E7A4F7556}") = "BetterAPI.Testing", "src\BetterAPI.Testing\BetterAPI.Testing.csproj", "{114FCEBB-7C12-4041-AD42-9013679ECEAE}"
EndProject
Project("{9A19103F-16F7-4668-BE54-9A1E7A4F7556}") = "BetterAPI", "src\BetterAPI\BetterAPI.csproj", "{B23C600F-E447-497F-AC7D-400CE781B5A9}"
EndProject
Project("{9A19103F-16F7-4668-BE54-9A1E7A4F7556}") = "BetterAPI.Tests", "tests\BetterAPI.Tests\BetterAPI.Tests.csproj", "{E6764F6B-4EF6-4B6C-8DD8-AC7411355D09}"
EndProject
Project("{9A19103F-16F7-4668-BE54-9A1E7A4F7556}") = "BetterAPI.SourceGenerators", "src\BetterAPI.SourceGenerators\BetterAPI.SourceGenerators.csproj", "{A2980A04-C765-4CC0-95F5-51E0603ABA99}"
EndProject
Project("{9A19103F-16F7-4668-BE54-9A1E7A4F7556}") = "BetterAPI.Reflection", "src\BetterAPI.Reflection\BetterAPI.Reflection.csproj", "{6D72F12A-4314-4C11-B5F0-FCF1FF56A730}"
EndProject
Project("{9A19103F-16F7-4668-BE54-9A1E7A4F7556}") = "BetterAPI.Primitives", "src\BetterAPI.Primitives\BetterAPI.Primitives.csproj", "{7CE94066-D6FD-46D1-9F06-9E53EAEB85CD}"
EndProject
Project("{9A19103F-16F7-4668-BE54-9A1E7A4F7556}") = "BetterAPI.Serialization", "src\BetterAPI.Serialization\BetterAPI.Serialization.csproj", "{2FB5C1F3-3239-48AC-ACFB-D7A50168C3F0}"
EndProject
Project("{9A19103F-16F7-4668-BE54-9A1E7A4F7556}") = "BetterAPI.Dashboard", "BetterAPI.Dashboard\BetterAPI.Dashboard.csproj", "{3C88B060-50CD-4997-8EE0-9F502CEC2496}"
EndProject
Project("{2150E333-8FDC-42A3-9474-1A3956D46DE8}") = "lib", "lib", "{BE1AF075-90D2-4B8E-BE26-D1890CFA8EE8}"
EndProject
Project("{9A19103F-16F7-4668-BE54-9A1E7A4F7556}") = "BetterAPI.Media", "src\BetterAPI.Media\BetterAPI.Media\BetterAPI.Media.csproj", "{EA1F4D05-460D-41F1-AEF9-ACA6345D7544}"
EndProject
Project("{9A19103F-16F7-4668-BE54-9A1E7A4F7556}") = "BetterAPI.Http", "src\BetterAPI.Http\BetterAPI.Http\BetterAPI.Http.csproj", "{C45EC60E-37B0-407C-A1EB-89BEBC481D51}"
EndProject
Project("{9A19103F-16F7-4668-BE54-9A1E7A4F7556}") = "BetterAPI.Guidelines", "src\BetterAPI.Guidelines\BetterAPI.Guidelines\BetterAPI.Guidelines.csproj", "{1C0EBDEE-0D1E-42F0-B2F4-3DDF22909D4E}"
EndProject
Project("{9A19103F-16F7-4668-BE54-9A1E7A4F7556}") = "BetterAPI.Benchmarks", "test\BetterAPI.Benchmarks\BetterAPI.Benchmarks\BetterAPI.Benchmarks.csproj", "{52AACFB3-59A2-4BB6-845E-CF4BFA50988A}"
EndProject
Project("{9A19103F-16F7-4668-BE54-9A1E7A4F7556}") = "Blowdart.UI", "..\blowdart-ui\src\Blowdart.UI\Blowdart.UI.csproj", "{085E0FAB-2091-47F0-AAAB-35087D0198C3}"
EndProject
Project("{9A19103F-16F7-4668-BE54-9A1E7A4F7556}") = "Blowdart.UI.Blazor", "..\blowdart-ui\src\Blowdart.UI.Blazor\Blowdart.UI.Blazor.csproj", "{6505AA05-E276-4BB6-ADAB-54022FF4B9EB}"
EndProject
Project("{9A19103F-16F7-4668-BE54-9A1E7A4F7556}") = "Blowdart.UI.Web", "..\blowdart-ui\src\Blowdart.UI.Web\Blowdart.UI.Web.csproj", "{92A09386-7E92-4FD1-AB5B-580DADBB1003}"
EndProject
Project("{9A19103F-16F7-4668-BE54-9A1E7A4F7556}") = "Blowdart.UI.Tests", "..\blowdart-ui\test\Blowdart.UI.Tests\Blowdart.UI.Tests.csproj", "{9E1647FF-DFF3-4AE7-B9AB-7B5ADEDB1865}"
EndProject
Global
	GlobalSection(SolutionConfigurationPlatforms) = preSolution
		Debug|Any CPU = Debug|Any CPU
		Release|Any CPU = Release|Any CPU
	EndGlobalSection
	GlobalSection(ProjectConfigurationPlatforms) = postSolution
		{05F92319-9097-4CA2-81A7-10C2039C07A8}.Debug|Any CPU.ActiveCfg = Debug|Any CPU
		{05F92319-9097-4CA2-81A7-10C2039C07A8}.Debug|Any CPU.Build.0 = Debug|Any CPU
		{05F92319-9097-4CA2-81A7-10C2039C07A8}.Release|Any CPU.ActiveCfg = Release|Any CPU
		{05F92319-9097-4CA2-81A7-10C2039C07A8}.Release|Any CPU.Build.0 = Release|Any CPU
		{781AA2A0-7943-4696-BE12-3EA9D574001A}.Debug|Any CPU.ActiveCfg = Debug|Any CPU
		{781AA2A0-7943-4696-BE12-3EA9D574001A}.Debug|Any CPU.Build.0 = Debug|Any CPU
		{781AA2A0-7943-4696-BE12-3EA9D574001A}.Release|Any CPU.ActiveCfg = Release|Any CPU
		{781AA2A0-7943-4696-BE12-3EA9D574001A}.Release|Any CPU.Build.0 = Release|Any CPU
		{114FCEBB-7C12-4041-AD42-9013679ECEAE}.Debug|Any CPU.ActiveCfg = Debug|Any CPU
		{114FCEBB-7C12-4041-AD42-9013679ECEAE}.Debug|Any CPU.Build.0 = Debug|Any CPU
		{114FCEBB-7C12-4041-AD42-9013679ECEAE}.Release|Any CPU.ActiveCfg = Release|Any CPU
		{114FCEBB-7C12-4041-AD42-9013679ECEAE}.Release|Any CPU.Build.0 = Release|Any CPU
		{B23C600F-E447-497F-AC7D-400CE781B5A9}.Debug|Any CPU.ActiveCfg = Debug|Any CPU
		{B23C600F-E447-497F-AC7D-400CE781B5A9}.Debug|Any CPU.Build.0 = Debug|Any CPU
		{B23C600F-E447-497F-AC7D-400CE781B5A9}.Release|Any CPU.ActiveCfg = Release|Any CPU
		{B23C600F-E447-497F-AC7D-400CE781B5A9}.Release|Any CPU.Build.0 = Release|Any CPU
		{E6764F6B-4EF6-4B6C-8DD8-AC7411355D09}.Debug|Any CPU.ActiveCfg = Debug|Any CPU
		{E6764F6B-4EF6-4B6C-8DD8-AC7411355D09}.Debug|Any CPU.Build.0 = Debug|Any CPU
		{E6764F6B-4EF6-4B6C-8DD8-AC7411355D09}.Release|Any CPU.ActiveCfg = Release|Any CPU
		{E6764F6B-4EF6-4B6C-8DD8-AC7411355D09}.Release|Any CPU.Build.0 = Release|Any CPU
		{A2980A04-C765-4CC0-95F5-51E0603ABA99}.Debug|Any CPU.ActiveCfg = Debug|Any CPU
		{A2980A04-C765-4CC0-95F5-51E0603ABA99}.Debug|Any CPU.Build.0 = Debug|Any CPU
		{A2980A04-C765-4CC0-95F5-51E0603ABA99}.Release|Any CPU.ActiveCfg = Release|Any CPU
		{A2980A04-C765-4CC0-95F5-51E0603ABA99}.Release|Any CPU.Build.0 = Release|Any CPU
		{6D72F12A-4314-4C11-B5F0-FCF1FF56A730}.Debug|Any CPU.ActiveCfg = Debug|Any CPU
		{6D72F12A-4314-4C11-B5F0-FCF1FF56A730}.Debug|Any CPU.Build.0 = Debug|Any CPU
		{6D72F12A-4314-4C11-B5F0-FCF1FF56A730}.Release|Any CPU.ActiveCfg = Release|Any CPU
		{6D72F12A-4314-4C11-B5F0-FCF1FF56A730}.Release|Any CPU.Build.0 = Release|Any CPU
		{7CE94066-D6FD-46D1-9F06-9E53EAEB85CD}.Debug|Any CPU.ActiveCfg = Debug|Any CPU
		{7CE94066-D6FD-46D1-9F06-9E53EAEB85CD}.Debug|Any CPU.Build.0 = Debug|Any CPU
		{7CE94066-D6FD-46D1-9F06-9E53EAEB85CD}.Release|Any CPU.ActiveCfg = Release|Any CPU
		{7CE94066-D6FD-46D1-9F06-9E53EAEB85CD}.Release|Any CPU.Build.0 = Release|Any CPU
		{2FB5C1F3-3239-48AC-ACFB-D7A50168C3F0}.Debug|Any CPU.ActiveCfg = Debug|Any CPU
		{2FB5C1F3-3239-48AC-ACFB-D7A50168C3F0}.Debug|Any CPU.Build.0 = Debug|Any CPU
		{2FB5C1F3-3239-48AC-ACFB-D7A50168C3F0}.Release|Any CPU.ActiveCfg = Release|Any CPU
		{2FB5C1F3-3239-48AC-ACFB-D7A50168C3F0}.Release|Any CPU.Build.0 = Release|Any CPU
		{3C88B060-50CD-4997-8EE0-9F502CEC2496}.Debug|Any CPU.ActiveCfg = Debug|Any CPU
		{3C88B060-50CD-4997-8EE0-9F502CEC2496}.Debug|Any CPU.Build.0 = Debug|Any CPU
		{3C88B060-50CD-4997-8EE0-9F502CEC2496}.Release|Any CPU.ActiveCfg = Release|Any CPU
		{3C88B060-50CD-4997-8EE0-9F502CEC2496}.Release|Any CPU.Build.0 = Release|Any CPU
		{EA1F4D05-460D-41F1-AEF9-ACA6345D7544}.Debug|Any CPU.ActiveCfg = Debug|Any CPU
		{EA1F4D05-460D-41F1-AEF9-ACA6345D7544}.Debug|Any CPU.Build.0 = Debug|Any CPU
		{EA1F4D05-460D-41F1-AEF9-ACA6345D7544}.Release|Any CPU.ActiveCfg = Release|Any CPU
		{EA1F4D05-460D-41F1-AEF9-ACA6345D7544}.Release|Any CPU.Build.0 = Release|Any CPU
		{C45EC60E-37B0-407C-A1EB-89BEBC481D51}.Debug|Any CPU.ActiveCfg = Debug|Any CPU
		{C45EC60E-37B0-407C-A1EB-89BEBC481D51}.Debug|Any CPU.Build.0 = Debug|Any CPU
		{C45EC60E-37B0-407C-A1EB-89BEBC481D51}.Release|Any CPU.ActiveCfg = Release|Any CPU
		{C45EC60E-37B0-407C-A1EB-89BEBC481D51}.Release|Any CPU.Build.0 = Release|Any CPU
		{1C0EBDEE-0D1E-42F0-B2F4-3DDF22909D4E}.Debug|Any CPU.ActiveCfg = Debug|Any CPU
		{1C0EBDEE-0D1E-42F0-B2F4-3DDF22909D4E}.Debug|Any CPU.Build.0 = Debug|Any CPU
		{1C0EBDEE-0D1E-42F0-B2F4-3DDF22909D4E}.Release|Any CPU.ActiveCfg = Release|Any CPU
		{1C0EBDEE-0D1E-42F0-B2F4-3DDF22909D4E}.Release|Any CPU.Build.0 = Release|Any CPU
		{52AACFB3-59A2-4BB6-845E-CF4BFA50988A}.Debug|Any CPU.ActiveCfg = Debug|Any CPU
		{52AACFB3-59A2-4BB6-845E-CF4BFA50988A}.Debug|Any CPU.Build.0 = Debug|Any CPU
		{52AACFB3-59A2-4BB6-845E-CF4BFA50988A}.Release|Any CPU.ActiveCfg = Release|Any CPU
		{52AACFB3-59A2-4BB6-845E-CF4BFA50988A}.Release|Any CPU.Build.0 = Release|Any CPU
		{085E0FAB-2091-47F0-AAAB-35087D0198C3}.Debug|Any CPU.ActiveCfg = Debug|Any CPU
		{085E0FAB-2091-47F0-AAAB-35087D0198C3}.Debug|Any CPU.Build.0 = Debug|Any CPU
		{085E0FAB-2091-47F0-AAAB-35087D0198C3}.Release|Any CPU.ActiveCfg = Release|Any CPU
		{085E0FAB-2091-47F0-AAAB-35087D0198C3}.Release|Any CPU.Build.0 = Release|Any CPU
		{6505AA05-E276-4BB6-ADAB-54022FF4B9EB}.Debug|Any CPU.ActiveCfg = Debug|Any CPU
		{6505AA05-E276-4BB6-ADAB-54022FF4B9EB}.Debug|Any CPU.Build.0 = Debug|Any CPU
		{6505AA05-E276-4BB6-ADAB-54022FF4B9EB}.Release|Any CPU.ActiveCfg = Release|Any CPU
		{6505AA05-E276-4BB6-ADAB-54022FF4B9EB}.Release|Any CPU.Build.0 = Release|Any CPU
		{92A09386-7E92-4FD1-AB5B-580DADBB1003}.Debug|Any CPU.ActiveCfg = Debug|Any CPU
		{92A09386-7E92-4FD1-AB5B-580DADBB1003}.Debug|Any CPU.Build.0 = Debug|Any CPU
		{92A09386-7E92-4FD1-AB5B-580DADBB1003}.Release|Any CPU.ActiveCfg = Release|Any CPU
		{92A09386-7E92-4FD1-AB5B-580DADBB1003}.Release|Any CPU.Build.0 = Release|Any CPU
		{9E1647FF-DFF3-4AE7-B9AB-7B5ADEDB1865}.Debug|Any CPU.ActiveCfg = Debug|Any CPU
		{9E1647FF-DFF3-4AE7-B9AB-7B5ADEDB1865}.Debug|Any CPU.Build.0 = Debug|Any CPU
		{9E1647FF-DFF3-4AE7-B9AB-7B5ADEDB1865}.Release|Any CPU.ActiveCfg = Release|Any CPU
		{9E1647FF-DFF3-4AE7-B9AB-7B5ADEDB1865}.Release|Any CPU.Build.0 = Release|Any CPU
	EndGlobalSection
	GlobalSection(SolutionProperties) = preSolution
		HideSolutionNode = FALSE
	EndGlobalSection
	GlobalSection(NestedProjects) = preSolution
		{114FCEBB-7C12-4041-AD42-9013679ECEAE} = {BE1AF075-90D2-4B8E-BE26-D1890CFA8EE8}
		{A2980A04-C765-4CC0-95F5-51E0603ABA99} = {BE1AF075-90D2-4B8E-BE26-D1890CFA8EE8}
		{6D72F12A-4314-4C11-B5F0-FCF1FF56A730} = {BE1AF075-90D2-4B8E-BE26-D1890CFA8EE8}
		{7CE94066-D6FD-46D1-9F06-9E53EAEB85CD} = {BE1AF075-90D2-4B8E-BE26-D1890CFA8EE8}
		{2FB5C1F3-3239-48AC-ACFB-D7A50168C3F0} = {BE1AF075-90D2-4B8E-BE26-D1890CFA8EE8}
		{EA1F4D05-460D-41F1-AEF9-ACA6345D7544} = {BE1AF075-90D2-4B8E-BE26-D1890CFA8EE8}
		{C45EC60E-37B0-407C-A1EB-89BEBC481D51} = {BE1AF075-90D2-4B8E-BE26-D1890CFA8EE8}
		{1C0EBDEE-0D1E-42F0-B2F4-3DDF22909D4E} = {BE1AF075-90D2-4B8E-BE26-D1890CFA8EE8}
		{085E0FAB-2091-47F0-AAAB-35087D0198C3} = {BE1AF075-90D2-4B8E-BE26-D1890CFA8EE8}
		{6505AA05-E276-4BB6-ADAB-54022FF4B9EB} = {BE1AF075-90D2-4B8E-BE26-D1890CFA8EE8}
		{92A09386-7E92-4FD1-AB5B-580DADBB1003} = {BE1AF075-90D2-4B8E-BE26-D1890CFA8EE8}
		{9E1647FF-DFF3-4AE7-B9AB-7B5ADEDB1865} = {BE1AF075-90D2-4B8E-BE26-D1890CFA8EE8}
	EndGlobalSection
	GlobalSection(ExtensibilityGlobals) = postSolution
		SolutionGuid = {44130FF5-3D64-4C21-A1A1-CFDCCB7E9C22}
	EndGlobalSection
EndGlobal
